{
    "_readme": [
        "This file locks the dependencies of your project to a known state",
        "Read more about it at https://getcomposer.org/doc/01-basic-usage.md#installing-dependencies",
        "This file is @generated automatically"
    ],
    "content-hash": "76218469778913ff3f4c2ca7dd7f0c41",
    "packages": [
        {
            "name": "driftingly/rector-laravel",
            "version": "2.1.9",
            "source": {
                "type": "git",
                "url": "https://github.com/driftingly/rector-laravel.git",
                "reference": "aee9d4a1d489e7ec484fc79f33137f8ee051b3f7"
            },
            "dist": {
                "type": "zip",
                "url": "https://api.github.com/repos/driftingly/rector-laravel/zipball/aee9d4a1d489e7ec484fc79f33137f8ee051b3f7",
                "reference": "aee9d4a1d489e7ec484fc79f33137f8ee051b3f7",
                "shasum": ""
            },
            "require": {
                "php": "^7.4 || ^8.0",
                "rector/rector": "^2.2.7",
                "webmozart/assert": "^1.11"
            },
            "type": "rector-extension",
            "autoload": {
                "psr-4": {
                    "RectorLaravel\\": "src"
                }
            },
            "notification-url": "https://packagist.org/downloads/",
            "license": [
                "MIT"
            ],
            "description": "Rector upgrades rules for Laravel Framework",
            "support": {
                "issues": "https://github.com/driftingly/rector-laravel/issues",
                "source": "https://github.com/driftingly/rector-laravel/tree/2.1.9"
            },
            "time": "2025-12-25T23:31:36+00:00"
        },
        {
            "name": "phpstan/phpstan",
            "version": "2.1.x-dev",
            "dist": {
                "type": "zip",
                "url": "https://api.github.com/repos/phpstan/phpstan/zipball/b0c36bf4d23c614b471d51b639980e9194272ecd",
                "reference": "b0c36bf4d23c614b471d51b639980e9194272ecd",
                "shasum": ""
            },
            "require": {
                "php": "^7.4|^8.0"
            },
            "conflict": {
                "phpstan/phpstan-shim": "*"
            },
            "default-branch": true,
            "bin": [
                "phpstan",
                "phpstan.phar"
            ],
            "type": "library",
            "autoload": {
                "files": [
                    "bootstrap.php"
                ]
            },
            "notification-url": "https://packagist.org/downloads/",
            "license": [
                "MIT"
            ],
            "description": "PHPStan - PHP Static Analysis Tool",
            "keywords": [
                "dev",
                "static analysis"
            ],
            "support": {
                "docs": "https://phpstan.org/user-guide/getting-started",
                "forum": "https://github.com/phpstan/phpstan/discussions",
                "issues": "https://github.com/phpstan/phpstan/issues",
                "security": "https://github.com/phpstan/phpstan/security/policy",
                "source": "https://github.com/phpstan/phpstan-src"
            },
            "funding": [
                {
                    "url": "https://github.com/ondrejmirtes",
                    "type": "github"
                },
                {
                    "url": "https://github.com/phpstan",
                    "type": "github"
                }
            ],
            "time": "2026-01-05T10:36:32+00:00"
        },
        {
            "name": "rector/rector",
            "version": "2.3.0",
            "source": {
                "type": "git",
                "url": "https://github.com/rectorphp/rector.git",
                "reference": "f7166355dcf47482f27be59169b0825995f51c7d"
            },
            "dist": {
                "type": "zip",
                "url": "https://api.github.com/repos/rectorphp/rector/zipball/f7166355dcf47482f27be59169b0825995f51c7d",
                "reference": "f7166355dcf47482f27be59169b0825995f51c7d",
                "shasum": ""
            },
            "require": {
                "php": "^7.4|^8.0",
                "phpstan/phpstan": "^2.1.33"
            },
            "conflict": {
                "rector/rector-doctrine": "*",
                "rector/rector-downgrade-php": "*",
                "rector/rector-phpunit": "*",
                "rector/rector-symfony": "*"
            },
            "suggest": {
                "ext-dom": "To manipulate phpunit.xml via the custom-rule command"
            },
            "bin": [
                "bin/rector"
            ],
            "type": "library",
            "autoload": {
                "files": [
                    "bootstrap.php"
                ]
            },
            "notification-url": "https://packagist.org/downloads/",
            "license": [
                "MIT"
            ],
            "description": "Instant Upgrade and Automated Refactoring of any PHP code",
            "homepage": "https://getrector.com/",
            "keywords": [
                "automation",
                "dev",
                "migration",
                "refactoring"
            ],
            "support": {
                "issues": "https://github.com/rectorphp/rector/issues",
                "source": "https://github.com/rectorphp/rector/tree/2.3.0"
            },
            "funding": [
                {
                    "url": "https://github.com/tomasvotruba",
                    "type": "github"
                }
            ],
            "time": "2025-12-25T22:00:18+00:00"
        },
        {
            "name": "webmozart/assert",
            "version": "1.12.1",
            "source": {
                "type": "git",
                "url": "https://github.com/webmozarts/assert.git",
                "reference": "9be6926d8b485f55b9229203f962b51ed377ba68"
            },
            "dist": {
                "type": "zip",
                "url": "https://api.github.com/repos/webmozarts/assert/zipball/9be6926d8b485f55b9229203f962b51ed377ba68",
                "reference": "9be6926d8b485f55b9229203f962b51ed377ba68",
                "shasum": ""
            },
            "require": {
                "ext-ctype": "*",
                "ext-date": "*",
                "ext-filter": "*",
                "php": "^7.2 || ^8.0"
            },
            "suggest": {
                "ext-intl": "",
                "ext-simplexml": "",
                "ext-spl": ""
            },
            "type": "library",
            "extra": {
                "branch-alias": {
                    "dev-master": "1.10-dev"
                }
            },
            "autoload": {
                "psr-4": {
                    "Webmozart\\Assert\\": "src/"
                }
            },
            "notification-url": "https://packagist.org/downloads/",
            "license": [
                "MIT"
            ],
            "authors": [
                {
                    "name": "Bernhard Schussek",
                    "email": "bschussek@gmail.com"
                }
            ],
            "description": "Assertions to validate method input/output with nice error messages.",
            "keywords": [
                "assert",
                "check",
                "validate"
            ],
            "support": {
                "issues": "https://github.com/webmozarts/assert/issues",
                "source": "https://github.com/webmozarts/assert/tree/1.12.1"
            },
            "time": "2025-10-29T15:56:20+00:00"
        }
    ],
    "packages-dev": [],
    "aliases": [],
    "minimum-stability": "dev",
    "stability-flags": {},
    "prefer-stable": false,
    "prefer-lowest": false,
    "platform": {},
    "platform-dev": {},
    "plugin-api-version": "2.6.0"
}
