{
    "_readme": [
        "This file locks the dependencies of your project to a known state",
        "Read more about it at https://getcomposer.org/doc/01-basic-usage.md#installing-dependencies",
        "This file is @generated automatically"
    ],
    "content-hash": "aa54e62d91e7a6f928651729329b5cae",
    "packages": [
        {
            "name": "driftingly/rector-laravel",
            "version": "dev-main",
            "source": {
                "type": "git",
                "url": "https://github.com/driftingly/rector-laravel.git",
                "reference": "e9dd777e9486e1c138a2bfd2613bb95d3e059476"
            },
            "dist": {
                "type": "zip",
                "url": "https://api.github.com/repos/driftingly/rector-laravel/zipball/e9dd777e9486e1c138a2bfd2613bb95d3e059476",
                "reference": "e9dd777e9486e1c138a2bfd2613bb95d3e059476",
                "shasum": ""
            },
            "require": {
                "php": ">=8.3",
                "rector/rector": "^2.0.0",
                "symplify/rule-doc-generator-contracts": "^11.2",
                "webmozart/assert": "^1.11"
            },
            "require-dev": {
                "nette/utils": "^4.0",
                "nikic/php-parser": "^5.3",
                "phpstan/extension-installer": "^1.3",
                "phpstan/phpstan": "^2.0",
                "phpstan/phpstan-deprecation-rules": "^2.0",
                "phpstan/phpstan-strict-rules": "^2.0",
                "phpstan/phpstan-webmozart-assert": "^2.0",
                "phpunit/phpunit": "^10.5",
                "symplify/rule-doc-generator": "^12.2",
                "tightenco/duster": "^3.1"
            },
            "default-branch": true,
            "type": "rector-extension",
            "autoload": {
                "psr-4": {
                    "RectorLaravel\\": "src"
                }
            },
            "notification-url": "https://packagist.org/downloads/",
            "license": [
                "MIT"
            ],
            "description": "Rector upgrades rules for Laravel Framework",
            "support": {
                "issues": "https://github.com/driftingly/rector-laravel/issues",
                "source": "https://github.com/driftingly/rector-laravel/tree/main"
            },
            "time": "2025-04-26T10:37:45+00:00"
        },
        {
            "name": "phpstan/phpstan",
            "version": "2.1.x-dev",
            "source": {
                "type": "git",
                "url": "https://github.com/phpstan/phpstan.git",
                "reference": "cc57957edc066c21c394b5d67ded1caeea56d698"
            },
            "dist": {
                "type": "zip",
                "url": "https://api.github.com/repos/phpstan/phpstan/zipball/cc57957edc066c21c394b5d67ded1caeea56d698",
                "reference": "cc57957edc066c21c394b5d67ded1caeea56d698",
                "shasum": ""
            },
            "require": {
                "php": "^7.4|^8.0"
            },
            "conflict": {
                "phpstan/phpstan-shim": "*"
            },
            "default-branch": true,
            "bin": [
                "phpstan",
                "phpstan.phar"
            ],
            "type": "library",
            "autoload": {
                "files": [
                    "bootstrap.php"
                ]
            },
            "notification-url": "https://packagist.org/downloads/",
            "license": [
                "MIT"
            ],
            "description": "PHPStan - PHP Static Analysis Tool",
            "keywords": [
                "dev",
                "static analysis"
            ],
            "support": {
                "docs": "https://phpstan.org/user-guide/getting-started",
                "forum": "https://github.com/phpstan/phpstan/discussions",
                "issues": "https://github.com/phpstan/phpstan/issues",
                "security": "https://github.com/phpstan/phpstan/security/policy",
                "source": "https://github.com/phpstan/phpstan-src"
            },
            "funding": [
                {
                    "url": "https://github.com/ondrejmirtes",
                    "type": "github"
                },
                {
                    "url": "https://github.com/phpstan",
                    "type": "github"
                }
            ],
            "time": "2025-05-05T09:30:11+00:00"
        },
        {
            "name": "rector/rector",
            "version": "2.0.0",
            "source": {
                "type": "git",
                "url": "https://github.com/rectorphp/rector.git",
                "reference": "121229164344175d94e53c319628257fe17787c4"
            },
            "dist": {
                "type": "zip",
                "url": "https://api.github.com/repos/rectorphp/rector/zipball/121229164344175d94e53c319628257fe17787c4",
                "reference": "121229164344175d94e53c319628257fe17787c4",
                "shasum": ""
            },
            "require": {
                "php": "^7.4|^8.0",
                "phpstan/phpstan": "^2.0.1"
            },
            "conflict": {
                "rector/rector-doctrine": "*",
                "rector/rector-downgrade-php": "*",
                "rector/rector-phpunit": "*",
                "rector/rector-symfony": "*"
            },
            "suggest": {
                "ext-dom": "To manipulate phpunit.xml via the custom-rule command"
            },
            "bin": [
                "bin/rector"
            ],
            "type": "library",
            "autoload": {
                "files": [
                    "bootstrap.php"
                ]
            },
            "notification-url": "https://packagist.org/downloads/",
            "license": [
                "MIT"
            ],
            "description": "Instant Upgrade and Automated Refactoring of any PHP code",
            "keywords": [
                "automation",
                "dev",
                "migration",
                "refactoring"
            ],
            "support": {
                "issues": "https://github.com/rectorphp/rector/issues",
                "source": "https://github.com/rectorphp/rector/tree/2.0.0"
            },
            "funding": [
                {
                    "url": "https://github.com/tomasvotruba",
                    "type": "github"
                }
            ],
            "time": "2024-12-12T09:41:12+00:00"
        },
        {
            "name": "symplify/rule-doc-generator-contracts",
            "version": "dev-main",
            "source": {
                "type": "git",
                "url": "https://github.com/symplify/rule-doc-generator-contracts.git",
                "reference": "479cfcfd46047f80624aba931d9789e50475b5c6"
            },
            "dist": {
                "type": "zip",
                "url": "https://api.github.com/repos/symplify/rule-doc-generator-contracts/zipball/479cfcfd46047f80624aba931d9789e50475b5c6",
                "reference": "479cfcfd46047f80624aba931d9789e50475b5c6",
                "shasum": ""
            },
            "require": {
                "php": ">=8.1"
            },
            "require-dev": {
                "php-parallel-lint/php-parallel-lint": "^1.3",
                "phpstan/extension-installer": "^1.2",
                "rector/rector": "^0.15.10",
                "symplify/easy-ci": "^11.1",
                "symplify/easy-coding-standard": "^11.1",
                "symplify/easy-testing": "^11.1",
                "symplify/phpstan-extensions": "^11.1",
                "symplify/phpstan-rules": "11.2.3.72",
                "tomasvotruba/unused-public": "^0.0.34"
            },
            "default-branch": true,
            "type": "library",
            "extra": {
                "branch-alias": {
                    "dev-main": "11.2-dev"
                }
            },
            "autoload": {
                "psr-4": {
                    "Symplify\\RuleDocGenerator\\": "src"
                }
            },
            "notification-url": "https://packagist.org/downloads/",
            "license": [
                "MIT"
            ],
            "description": "Contracts for production code of RuleDocGenerator",
            "support": {
                "source": "https://github.com/symplify/rule-doc-generator-contracts/tree/11.2.0"
            },
            "funding": [
                {
                    "url": "https://www.paypal.me/rectorphp",
                    "type": "custom"
                },
                {
                    "url": "https://github.com/tomasvotruba",
                    "type": "github"
                }
            ],
            "time": "2024-03-18T22:02:54+00:00"
        },
        {
            "name": "webmozart/assert",
            "version": "1.11.0",
            "source": {
                "type": "git",
                "url": "https://github.com/webmozarts/assert.git",
                "reference": "11cb2199493b2f8a3b53e7f19068fc6aac760991"
            },
            "dist": {
                "type": "zip",
                "url": "https://api.github.com/repos/webmozarts/assert/zipball/11cb2199493b2f8a3b53e7f19068fc6aac760991",
                "reference": "11cb2199493b2f8a3b53e7f19068fc6aac760991",
                "shasum": ""
            },
            "require": {
                "ext-ctype": "*",
                "php": "^7.2 || ^8.0"
            },
            "conflict": {
                "phpstan/phpstan": "<0.12.20",
                "vimeo/psalm": "<4.6.1 || 4.6.2"
            },
            "require-dev": {
                "phpunit/phpunit": "^8.5.13"
            },
            "type": "library",
            "extra": {
                "branch-alias": {
                    "dev-master": "1.10-dev"
                }
            },
            "autoload": {
                "psr-4": {
                    "Webmozart\\Assert\\": "src/"
                }
            },
            "notification-url": "https://packagist.org/downloads/",
            "license": [
                "MIT"
            ],
            "authors": [
                {
                    "name": "Bernhard Schussek",
                    "email": "bschussek@gmail.com"
                }
            ],
            "description": "Assertions to validate method input/output with nice error messages.",
            "keywords": [
                "assert",
                "check",
                "validate"
            ],
            "support": {
                "issues": "https://github.com/webmozarts/assert/issues",
                "source": "https://github.com/webmozarts/assert/tree/1.11.0"
            },
            "time": "2022-06-03T18:03:27+00:00"
        }
    ],
    "packages-dev": [],
    "aliases": [],
    "minimum-stability": "dev",
    "stability-flags": {
        "driftingly/rector-laravel": 20
    },
    "prefer-stable": false,
    "prefer-lowest": false,
    "platform": {},
    "platform-dev": {},
    "plugin-api-version": "2.6.0"
}
